
Microsoft Visual Studio Solution File, Format Version 12.00
# Visual Studio Version 16
VisualStudioVersion = 16.0.29503.13
MinimumVisualStudioVersion = 10.0.40219.1
Project("{9A19103F-16F7-4668-BE54-9A1E7A4F7556}") = "Practise", "Practise\Practise.csproj", "{B67658E4-F5B8-4383-A5CA-7563F3ED8299}"
EndProject
Project("{9A19103F-16F7-4668-BE54-9A1E7A4F7556}") = "FactoryPattern", "FactoryPattern\FactoryPattern.csproj", "{65A9AC1F-86EB-4DB8-B731-B1C120BA11AB}"
EndProject
Project("{9A19103F-16F7-4668-BE54-9A1E7A4F7556}") = "AbstractFactoryDesignPattern", "AbstractFactoryDesignPattern\AbstractFactoryDesignPattern.csproj", "{E4E0B744-77B8-4E22-92E5-DD4118E08115}"
EndProject
Project("{9A19103F-16F7-4668-BE54-9A1E7A4F7556}") = "SingletonPattern", "SingletonPattern\SingletonPattern.csproj", "{5F6D4E4D-B334-47DD-BACF-C8FCF860BDB7}"
EndProject
Project("{9A19103F-16F7-4668-BE54-9A1E7A4F7556}") = "OverrideAndNew", "OverrideAndNew\OverrideAndNew.csproj", "{E0E1BB01-60B4-4B03-9901-7322CD5B9012}"
EndProject
Project("{FAE04EC0-301F-11D3-BF4B-00C04F79EFBC}") = "Longest Common Substring", "Longest Common Substring\Longest Common Substring.csproj", "{957AAF88-7368-4A1E-BAE0-E364FB0C36C9}"
EndProject
Global
	GlobalSection(SolutionConfigurationPlatforms) = preSolution
		Debug|Any CPU = Debug|Any CPU
		Release|Any CPU = Release|Any CPU
	EndGlobalSection
	GlobalSection(ProjectConfigurationPlatforms) = postSolution
		{B67658E4-F5B8-4383-A5CA-7563F3ED8299}.Debug|Any CPU.ActiveCfg = Debug|Any CPU
		{B67658E4-F5B8-4383-A5CA-7563F3ED8299}.Debug|Any CPU.Build.0 = Debug|Any CPU
		{B67658E4-F5B8-4383-A5CA-7563F3ED8299}.Release|Any CPU.ActiveCfg = Release|Any CPU
		{B67658E4-F5B8-4383-A5CA-7563F3ED8299}.Release|Any CPU.Build.0 = Release|Any CPU
		{65A9AC1F-86EB-4DB8-B731-B1C120BA11AB}.Debug|Any CPU.ActiveCfg = Debug|Any CPU
		{65A9AC1F-86EB-4DB8-B731-B1C120BA11AB}.Debug|Any CPU.Build.0 = Debug|Any CPU
		{65A9AC1F-86EB-4DB8-B731-B1C120BA11AB}.Release|Any CPU.ActiveCfg = Release|Any CPU
		{65A9AC1F-86EB-4DB8-B731-B1C120BA11AB}.Release|Any CPU.Build.0 = Release|Any CPU
		{E4E0B744-77B8-4E22-92E5-DD4118E08115}.Debug|Any CPU.ActiveCfg = Debug|Any CPU
		{E4E0B744-77B8-4E22-92E5-DD4118E08115}.Debug|Any CPU.Build.0 = Debug|Any CPU
		{E4E0B744-77B8-4E22-92E5-DD4118E08115}.Release|Any CPU.ActiveCfg = Release|Any CPU
		{E4E0B744-77B8-4E22-92E5-DD4118E08115}.Release|Any CPU.Build.0 = Release|Any CPU
		{5F6D4E4D-B334-47DD-BACF-C8FCF860BDB7}.Debug|Any CPU.ActiveCfg = Debug|Any CPU
		{5F6D4E4D-B334-47DD-BACF-C8FCF860BDB7}.Debug|Any CPU.Build.0 = Debug|Any CPU
		{5F6D4E4D-B334-47DD-BACF-C8FCF860BDB7}.Release|Any CPU.ActiveCfg = Release|Any CPU
		{5F6D4E4D-B334-47DD-BACF-C8FCF860BDB7}.Release|Any CPU.Build.0 = Release|Any CPU
		{E0E1BB01-60B4-4B03-9901-7322CD5B9012}.Debug|Any CPU.ActiveCfg = Debug|Any CPU
		{E0E1BB01-60B4-4B03-9901-7322CD5B9012}.Debug|Any CPU.Build.0 = Debug|Any CPU
		{E0E1BB01-60B4-4B03-9901-7322CD5B9012}.Release|Any CPU.ActiveCfg = Release|Any CPU
		{E0E1BB01-60B4-4B03-9901-7322CD5B9012}.Release|Any CPU.Build.0 = Release|Any CPU
		{957AAF88-7368-4A1E-BAE0-E364FB0C36C9}.Debug|Any CPU.ActiveCfg = Debug|Any CPU
		{957AAF88-7368-4A1E-BAE0-E364FB0C36C9}.Debug|Any CPU.Build.0 = Debug|Any CPU
		{957AAF88-7368-4A1E-BAE0-E364FB0C36C9}.Release|Any CPU.ActiveCfg = Release|Any CPU
		{957AAF88-7368-4A1E-BAE0-E364FB0C36C9}.Release|Any CPU.Build.0 = Release|Any CPU
	EndGlobalSection
	GlobalSection(SolutionProperties) = preSolution
		HideSolutionNode = FALSE
	EndGlobalSection
	GlobalSection(ExtensibilityGlobals) = postSolution
		SolutionGuid = {B03376BF-C19A-4FA4-A9BE-A7A89096F191}
	EndGlobalSection
EndGlobal
